#MicroXplorer Configuration settings - do not modify
File.Version=6
KeepUserPlacement=false
Mcu.Family=STM32F7
Mcu.IP0=CORTEX_M7
Mcu.IP1=GFXSIMULATOR
Mcu.IP2=NVIC
Mcu.IP3=RCC
Mcu.IP4=SYS
Mcu.IP5=UART5
Mcu.IPNb=6
Mcu.Name=STM32F767ZITx
Mcu.Package=LQFP144
Mcu.Pin0=PE2
Mcu.Pin1=PE4
Mcu.Pin10=PA3
Mcu.Pin11=PF12
Mcu.Pin12=PF13
Mcu.Pin13=PF14
Mcu.Pin14=PF15
Mcu.Pin15=PG0
Mcu.Pin16=PE7
Mcu.Pin17=PE9
Mcu.Pin18=PE10
Mcu.Pin19=PE11
Mcu.Pin2=PE5
Mcu.Pin20=PE12
Mcu.Pin21=PE13
Mcu.Pin22=PE14
Mcu.Pin23=PE15
Mcu.Pin24=PB12
Mcu.Pin25=PB13
Mcu.Pin26=PD14
Mcu.Pin27=PD15
Mcu.Pin28=PG2
Mcu.Pin29=PG3
Mcu.Pin3=PE6
Mcu.Pin30=PC8
Mcu.Pin31=PC9
Mcu.Pin32=PC10
Mcu.Pin33=PC11
Mcu.Pin34=PC12
Mcu.Pin35=PD0
Mcu.Pin36=PD1
Mcu.Pin37=PD2
Mcu.Pin38=PD4
Mcu.Pin39=PD5
Mcu.Pin4=PC14/OSC32_IN
Mcu.Pin40=PD6
Mcu.Pin41=PD7
Mcu.Pin42=PB7
Mcu.Pin43=VP_SYS_VS_Systick
Mcu.Pin5=PC15/OSC32_OUT
Mcu.Pin6=PH0/OSC_IN
Mcu.Pin7=PH1/OSC_OUT
Mcu.Pin8=PC0
Mcu.Pin9=PC3
Mcu.PinsNb=44
Mcu.ThirdPartyNb=0
Mcu.UserConstants=
Mcu.UserName=STM32F767ZITx
MxCube.Version=4.27.0
MxDb.Version=DB.4.0.270
NVIC.BusFault_IRQn=true\:0\:0\:false\:false\:true\:false\:false
NVIC.DebugMonitor_IRQn=true\:0\:0\:false\:false\:true\:false\:false
NVIC.HardFault_IRQn=true\:0\:0\:false\:false\:true\:false\:false
NVIC.MemoryManagement_IRQn=true\:0\:0\:false\:false\:true\:false\:false
NVIC.NonMaskableInt_IRQn=true\:0\:0\:false\:false\:true\:false\:false
NVIC.PendSV_IRQn=true\:0\:0\:false\:false\:true\:false\:false
NVIC.PriorityGroup=NVIC_PRIORITYGROUP_4
NVIC.SVCall_IRQn=true\:0\:0\:false\:false\:true\:false\:false
NVIC.SysTick_IRQn=true\:0\:0\:false\:false\:true\:false\:true
NVIC.UART5_IRQn=true\:0\:0\:false\:false\:true\:true\:true
NVIC.UsageFault_IRQn=true\:0\:0\:false\:false\:true\:false\:false
PA3.Locked=true
PA3.Signal=GPIO_Output
PB12.Mode=Asynchronous
PB12.Signal=UART5_RX
PB13.Mode=Asynchronous
PB13.Signal=UART5_TX
PB7.Locked=true
PB7.Signal=GPIO_Output
PC0.Locked=true
PC0.Signal=GPIO_Output
PC10.Locked=true
PC10.Signal=GPIO_Output
PC11.Locked=true
PC11.Signal=GPIO_Output
PC12.Locked=true
PC12.Signal=GPIO_Output
PC14/OSC32_IN.Mode=LSE-External-Oscillator
PC14/OSC32_IN.Signal=RCC_OSC32_IN
PC15/OSC32_OUT.Mode=LSE-External-Oscillator
PC15/OSC32_OUT.Signal=RCC_OSC32_OUT
PC3.Locked=true
PC3.Signal=GPIO_Output
PC8.Mode=CTS_RTS
PC8.Signal=UART5_RTS
PC9.Mode=CTS_RTS
PC9.Signal=UART5_CTS
PCC.Checker=false
PCC.Line=STM32F7x7
PCC.MCU=STM32F767ZITx
PCC.PartNumber=STM32F767ZITx
PCC.Seq0=0
PCC.Series=STM32F7
PCC.Temperature=25
PCC.Vdd=3.3
PD0.Locked=true
PD0.Signal=GPIO_Output
PD1.Locked=true
PD1.Signal=GPIO_Output
PD14.Locked=true
PD14.Signal=GPIO_Input
PD15.Locked=true
PD15.Signal=GPIO_Input
PD2.Locked=true
PD2.Signal=GPIO_Output
PD4.Locked=true
PD4.Signal=GPIO_Output
PD5.Locked=true
PD5.Signal=GPIO_Output
PD6.Locked=true
PD6.Signal=GPIO_Output
PD7.Locked=true
PD7.Signal=GPIO_Output
PE10.Locked=true
PE10.Signal=GPIO_Output
PE11.Locked=true
PE11.Signal=GPIO_Input
PE12.Locked=true
PE12.Signal=GPIO_Output
PE13.Locked=true
PE13.Signal=GPIO_Input
PE14.Locked=true
PE14.Signal=GPIO_Output
PE15.Locked=true
PE15.Signal=GPIO_Output
PE2.Locked=true
PE2.Signal=GPIO_Output
PE4.Locked=true
PE4.Signal=GPIO_Output
PE5.Locked=true
PE5.Signal=GPIO_Output
PE6.Locked=true
PE6.Signal=GPIO_Output
PE7.Locked=true
PE7.Signal=GPIO_Output
PE9.Locked=true
PE9.Signal=GPIO_Input
PF12.Locked=true
PF12.Signal=GPIO_Input
PF13.Locked=true
PF13.Signal=GPIO_Input
PF14.Locked=true
PF14.Signal=GPIO_Input
PF15.Locked=true
PF15.Signal=GPIO_Input
PG0.Locked=true
PG0.Signal=GPIO_Output
PG2.Locked=true
PG2.Signal=GPIO_Output
PG3.Locked=true
PG3.Signal=GPIO_Output
PH0/OSC_IN.Mode=HSE-External-Oscillator
PH0/OSC_IN.Signal=RCC_OSC_IN
PH1/OSC_OUT.Mode=HSE-External-Oscillator
PH1/OSC_OUT.Signal=RCC_OSC_OUT
PinOutPanel.RotationAngle=0
ProjectManager.AskForMigrate=false
ProjectManager.BackupPrevious=false
ProjectManager.CompilerOptimize=6
ProjectManager.ComputerToolchain=false
ProjectManager.CoupleFile=false
ProjectManager.CustomerFirmwarePackage=
ProjectManager.DefaultFWLocation=true
ProjectManager.DeletePrevious=true
ProjectManager.DeviceId=STM32F767ZITx
ProjectManager.FirmwarePackage=STM32Cube FW_F7 V1.12.0
ProjectManager.FreePins=false
ProjectManager.HalAssertFull=false
ProjectManager.HeapSize=0x1000
ProjectManager.KeepUserCode=true
ProjectManager.LastFirmware=true
ProjectManager.LibraryCopy=0
ProjectManager.MainLocation=Src
ProjectManager.NoMain=false
ProjectManager.PreviousToolchain=
ProjectManager.ProjectBuild=false
ProjectManager.ProjectFileName=stepper_motor_controller.ioc
ProjectManager.ProjectName=stepper_motor_controller
ProjectManager.StackSize=0x400
ProjectManager.TargetToolchain=MDK-ARM V5
ProjectManager.ToolChainLocation=
ProjectManager.UnderRoot=false
ProjectManager.functionlistsort=1-MX_GPIO_Init-GPIO-false-HAL-true,2-SystemClock_Config-RCC-false-HAL-false,3-MX_CORTEX_M7_Init-CORTEX_M7-false-HAL-true,4-MX_UART5_Init-UART5-false-HAL-true,5-MX_GFXSIMULATOR_Init-GFXSIMULATOR-false-HAL-true
RCC.CECFreq_Value=32786.88524590164
RCC.DFSDMFreq_Value=16000000
RCC.FamilyName=M
RCC.HSE_VALUE=25000000
RCC.HSI_VALUE=16000000
RCC.I2SFreq_Value=96000000
RCC.IPParameters=CECFreq_Value,DFSDMFreq_Value,FamilyName,HSE_VALUE,HSI_VALUE,I2SFreq_Value,LCDTFTFreq_Value,LSI_VALUE,PLLCLKFreq_Value,PLLI2SPCLKFreq_Value,PLLI2SQCLKFreq_Value,PLLI2SRCLKFreq_Value,PLLQCLKFreq_Value,PLLSAIPCLKFreq_Value,PLLSAIQCLKFreq_Value,PLLSAIRCLKFreq_Value,PLLSAIoutputFreq_Value,RNGFreq_Value,SAI1Freq_Value,SAI2Freq_Value,SDMMC2Freq_Value,SDMMCFreq_Value,SPDIFRXFreq_Value,USBFreq_Value,VCOI2SOutputFreq_Value,VCOInputFreq_Value,VCOOutputFreq_Value,VCOSAIOutputFreq_Value
RCC.LCDTFTFreq_Value=48000000
RCC.LSI_VALUE=32000
RCC.PLLCLKFreq_Value=96000000
RCC.PLLI2SPCLKFreq_Value=96000000
RCC.PLLI2SQCLKFreq_Value=96000000
RCC.PLLI2SRCLKFreq_Value=96000000
RCC.PLLQCLKFreq_Value=96000000
RCC.PLLSAIPCLKFreq_Value=96000000
RCC.PLLSAIQCLKFreq_Value=96000000
RCC.PLLSAIRCLKFreq_Value=96000000
RCC.PLLSAIoutputFreq_Value=96000000
RCC.RNGFreq_Value=96000000
RCC.SAI1Freq_Value=96000000
RCC.SAI2Freq_Value=96000000
RCC.SDMMC2Freq_Value=16000000
RCC.SDMMCFreq_Value=16000000
RCC.SPDIFRXFreq_Value=96000000
RCC.USBFreq_Value=96000000
RCC.VCOI2SOutputFreq_Value=192000000
RCC.VCOInputFreq_Value=1000000
RCC.VCOOutputFreq_Value=192000000
RCC.VCOSAIOutputFreq_Value=192000000
VP_SYS_VS_Systick.Mode=SysTick
VP_SYS_VS_Systick.Signal=SYS_VS_Systick
board=custom
